Microsoft Visual Studio Solution File, Format Version 11.00
# Visual Studio 2008

Project("{F31884F6-8839-B423-5574-60D0F3FDD9F0}") = "Avion", "Assembly-CSharp-firstpass.csproj", "{E01489C9-1EE7-AAFE-9D27-0B40D0B6D4DE}"
EndProject
Project("{F31884F6-8839-B423-5574-60D0F3FDD9F0}") = "Avion", "Assembly-CSharp.csproj", "{BF42ABC4-B8F0-AEB2-FDD7-FBA85A3CC609}"
EndProject
Project("{F31884F6-8839-B423-5574-60D0F3FDD9F0}") = "Avion", "Assembly-CSharp-Editor.csproj", "{D5A05874-7B7A-655C-787A-4D8A91092FE1}"
EndProject
Project("{F31884F6-8839-B423-5574-60D0F3FDD9F0}") = "Avion", "Assembly-UnityScript-firstpass.unityproj", "{7C652336-7DF4-AF87-93A0-1EC707015331}"
EndProject
Project("{F31884F6-8839-B423-5574-60D0F3FDD9F0}") = "Avion", "Assembly-UnityScript-Editor.unityproj", "{91A2232C-B22C-200E-0471-1CE69A6E9B5D}"
EndProject
Global
	GlobalSection(SolutionConfigurationPlatforms) = preSolution
		Debug|Any CPU = Debug|Any CPU
		Release|Any CPU = Release|Any CPU
	EndGlobalSection
	GlobalSection(ProjectConfigurationPlatforms) = postSolution
		{E01489C9-1EE7-AAFE-9D27-0B40D0B6D4DE}.Debug|Any CPU.ActiveCfg = Debug|Any CPU
		{E01489C9-1EE7-AAFE-9D27-0B40D0B6D4DE}.Debug|Any CPU.Build.0 = Debug|Any CPU
		{E01489C9-1EE7-AAFE-9D27-0B40D0B6D4DE}.Release|Any CPU.ActiveCfg = Release|Any CPU
		{E01489C9-1EE7-AAFE-9D27-0B40D0B6D4DE}.Release|Any CPU.Build.0 = Release|Any CPU
		{BF42ABC4-B8F0-AEB2-FDD7-FBA85A3CC609}.Debug|Any CPU.ActiveCfg = Debug|Any CPU
		{BF42ABC4-B8F0-AEB2-FDD7-FBA85A3CC609}.Debug|Any CPU.Build.0 = Debug|Any CPU
		{BF42ABC4-B8F0-AEB2-FDD7-FBA85A3CC609}.Release|Any CPU.ActiveCfg = Release|Any CPU
		{BF42ABC4-B8F0-AEB2-FDD7-FBA85A3CC609}.Release|Any CPU.Build.0 = Release|Any CPU
		{D5A05874-7B7A-655C-787A-4D8A91092FE1}.Debug|Any CPU.ActiveCfg = Debug|Any CPU
		{D5A05874-7B7A-655C-787A-4D8A91092FE1}.Debug|Any CPU.Build.0 = Debug|Any CPU
		{D5A05874-7B7A-655C-787A-4D8A91092FE1}.Release|Any CPU.ActiveCfg = Release|Any CPU
		{D5A05874-7B7A-655C-787A-4D8A91092FE1}.Release|Any CPU.Build.0 = Release|Any CPU
		{7C652336-7DF4-AF87-93A0-1EC707015331}.Debug|Any CPU.ActiveCfg = Debug|Any CPU
		{7C652336-7DF4-AF87-93A0-1EC707015331}.Debug|Any CPU.Build.0 = Debug|Any CPU
		{7C652336-7DF4-AF87-93A0-1EC707015331}.Release|Any CPU.ActiveCfg = Release|Any CPU
		{7C652336-7DF4-AF87-93A0-1EC707015331}.Release|Any CPU.Build.0 = Release|Any CPU
		{91A2232C-B22C-200E-0471-1CE69A6E9B5D}.Debug|Any CPU.ActiveCfg = Debug|Any CPU
		{91A2232C-B22C-200E-0471-1CE69A6E9B5D}.Debug|Any CPU.Build.0 = Debug|Any CPU
		{91A2232C-B22C-200E-0471-1CE69A6E9B5D}.Release|Any CPU.ActiveCfg = Release|Any CPU
		{91A2232C-B22C-200E-0471-1CE69A6E9B5D}.Release|Any CPU.Build.0 = Release|Any CPU
	EndGlobalSection
	GlobalSection(SolutionProperties) = preSolution
		HideSolutionNode = FALSE
	EndGlobalSection
																																																																																																																													GlobalSection(MonoDevelopProperties) = preSolution
		StartupItem = Assembly-CSharp.csproj
		Policies = $0
		$0.TextStylePolicy = $1
		$1.inheritsSet = null
		$1.scope = text/x-csharp
		$0.CSharpFormattingPolicy = $2
		$2.inheritsSet = Mono
		$2.inheritsScope = text/x-csharp
		$2.scope = text/x-csharp
		$0.TextStylePolicy = $3
		$3.FileWidth = 120
		$3.TabWidth = 4
		$3.EolMarker = Unix
		$3.inheritsSet = Mono
		$3.inheritsScope = text/plain
		$3.scope = text/plain
	EndGlobalSection

EndGlobal
